
Microsoft Visual Studio Solution File, Format Version 12.00
# Visual Studio Version 16
VisualStudioVersion = 16.0.30907.101
MinimumVisualStudioVersion = 10.0.40219.1
Project("{FAE04EC0-301F-11D3-BF4B-00C04F79EFBC}") = "FormsPowerShellModule", "FormsPowerShellModule\FormsPowerShellModule.csproj", "{20BD715E-F1C9-4438-987E-E489711B483B}"
EndProject
Project("{FAE04EC0-301F-11D3-BF4B-00C04F79EFBC}") = "FormsPowerShellModule.Test", "FormsPowerShellModule.Test\FormsPowerShellModule.Test.csproj", "{AF175359-3CED-4436-A826-FE9B1FB6D57E}"
EndProject
Global
	GlobalSection(SolutionConfigurationPlatforms) = preSolution
		Debug|Any CPU = Debug|Any CPU
		Release|Any CPU = Release|Any CPU
	EndGlobalSection
	GlobalSection(ProjectConfigurationPlatforms) = postSolution
		{20BD715E-F1C9-4438-987E-E489711B483B}.Debug|Any CPU.ActiveCfg = Debug|Any CPU
		{20BD715E-F1C9-4438-987E-E489711B483B}.Debug|Any CPU.Build.0 = Debug|Any CPU
		{20BD715E-F1C9-4438-987E-E489711B483B}.Release|Any CPU.ActiveCfg = Release|Any CPU
		{20BD715E-F1C9-4438-987E-E489711B483B}.Release|Any CPU.Build.0 = Release|Any CPU
		{AF175359-3CED-4436-A826-FE9B1FB6D57E}.Debug|Any CPU.ActiveCfg = Debug|Any CPU
		{AF175359-3CED-4436-A826-FE9B1FB6D57E}.Debug|Any CPU.Build.0 = Debug|Any CPU
		{AF175359-3CED-4436-A826-FE9B1FB6D57E}.Release|Any CPU.ActiveCfg = Release|Any CPU
		{AF175359-3CED-4436-A826-FE9B1FB6D57E}.Release|Any CPU.Build.0 = Release|Any CPU
	EndGlobalSection
	GlobalSection(SolutionProperties) = preSolution
		HideSolutionNode = FALSE
	EndGlobalSection
	GlobalSection(ExtensibilityGlobals) = postSolution
		SolutionGuid = {806A29E3-404F-4972-9220-DAD3367C02F8}
	EndGlobalSection
EndGlobal
